PODS:
  - FileMD5Hash (2.0.0)
  - Pelican (0.0.1)

DEPENDENCIES:
  - FileMD5Hash (= 2.0.0)
  - Pelican (from `..`)

EXTERNAL SOURCES:
  Pelican:
    :path: ".."

SPEC CHECKSUMS:
  FileMD5Hash: 3ed69cc19a21ff4d30ae8833fc104275ad2c7de0
  Pelican: 7192f510fc6c6fafca05168050873ba3fe45acef

PODFILE CHECKSUM: d4b0b007b9e8d3f019a54db37a45c029e77cd6b9

COCOAPODS: 1.0.1
